// !$*UTF8*$!
{
	archiveVersion = 1;
	classes = {
	};
	objectVersion = 50;
	objects = {

/* Begin PBXBuildFile section */
		BAAEAC8225BE88D7008EF193 /* AppDelegate.swift in Sources */ = {isa = PBXBuildFile; fileRef = BAAEAC8125BE88D7008EF193 /* AppDelegate.swift */; };
		BAAEAC8625BE88D7008EF193 /* ViewController.swift in Sources */ = {isa = PBXBuildFile; fileRef = BAAEAC8525BE88D7008EF193 /* ViewController.swift */; };
		BAAEAC8925BE88D7008EF193 /* Main.storyboard in Resources */ = {isa = PBXBuildFile; fileRef = BAAEAC8725BE88D7008EF193 /* Main.storyboard */; };
		BAAEAC8B25BE88DA008EF193 /* Assets.xcassets in Resources */ = {isa = PBXBuildFile; fileRef = BAAEAC8A25BE88DA008EF193 /* Assets.xcassets */; };
		BAAEAC8E25BE88DA008EF193 /* LaunchScreen.storyboard in Resources */ = {isa = PBXBuildFile; fileRef = BAAEAC8C25BE88DA008EF193 /* LaunchScreen.storyboard */; };
		BAAEAC9725BE893A008EF193 /* MainTabBarController.swift in Sources */ = {isa = PBXBuildFile; fileRef = BAAEAC9625BE893A008EF193 /* MainTabBarController.swift */; };
/* End PBXBuildFile section */

/* Begin PBXFileReference section */
		BAAEAC7E25BE88D7008EF193 /* PodCast.app */ = {isa = PBXFileReference; explicitFileType = wrapper.application; includeInIndex = 0; path = PodCast.app; sourceTree = BUILT_PRODUCTS_DIR; };
		BAAEAC8125BE88D7008EF193 /* AppDelegate.swift */ = {isa = PBXFileReference; lastKnownFileType = sourcecode.swift; path = AppDelegate.swift; sourceTree = "<group>"; };
		BAAEAC8525BE88D7008EF193 /* ViewController.swift */ = {isa = PBXFileReference; lastKnownFileType = sourcecode.swift; path = ViewController.swift; sourceTree = "<group>"; };
		BAAEAC8825BE88D7008EF193 /* Base */ = {isa = PBXFileReference; lastKnownFileType = file.storyboard; name = Base; path = Base.lproj/Main.storyboard; sourceTree = "<group>"; };
		BAAEAC8A25BE88DA008EF193 /* Assets.xcassets */ = {isa = PBXFileReference; lastKnownFileType = folder.assetcatalog; path = Assets.xcassets; sourceTree = "<group>"; };
		BAAEAC8D25BE88DA008EF193 /* Base */ = {isa = PBXFileReference; lastKnownFileType = file.storyboard; name = Base; path = Base.lproj/LaunchScreen.storyboard; sourceTree = "<group>"; };
		BAAEAC8F25BE88DA008EF193 /* Info.plist */ = {isa = PBXFileReference; lastKnownFileType = text.plist.xml; path = Info.plist; sourceTree = "<group>"; };
		BAAEAC9625BE893A008EF193 /* MainTabBarController.swift */ = {isa = PBXFileReference; lastKnownFileType = sourcecode.swift; path = MainTabBarController.swift; sourceTree = "<group>"; };
/* End PBXFileReference section */

/* Begin PBXFrameworksBuildPhase section */
		BAAEAC7B25BE88D7008EF193 /* Frameworks */ = {
			isa = PBXFrameworksBuildPhase;
			buildActionMask = 2147483647;
			files = (
			);
			runOnlyForDeploymentPostprocessing = 0;
		};
/* End PBXFrameworksBuildPhase section */

/* Begin PBXGroup section */
		BAAEAC7525BE88D6008EF193 = {
			isa = PBXGroup;
			children = (
				BAAEAC8025BE88D7008EF193 /* PodCast */,
				BAAEAC7F25BE88D7008EF193 /* Products */,
			);
			sourceTree = "<group>";
		};
		BAAEAC7F25BE88D7008EF193 /* Products */ = {
			isa = PBXGroup;
			children = (
				BAAEAC7E25BE88D7008EF193 /* PodCast.app */,
			);
			name = Products;
			sourceTree = "<group>";
		};
		BAAEAC8025BE88D7008EF193 /* PodCast */ = {
			isa = PBXGroup;
			children = (
				BAAEAC8125BE88D7008EF193 /* AppDelegate.swift */,
				BAAEAC8525BE88D7008EF193 /* ViewController.swift */,
				BAAEAC8725BE88D7008EF193 /* Main.storyboard */,
				BAAEAC8A25BE88DA008EF193 /* Assets.xcassets */,
				BAAEAC8C25BE88DA008EF193 /* LaunchScreen.storyboard */,
				BAAEAC8F25BE88DA008EF193 /* Info.plist */,
				BAAEAC9625BE893A008EF193 /* MainTabBarController.swift */,
			);
			path = PodCast;
			sourceTree = "<group>";
		};
/* End PBXGroup section */

/* Begin PBXNativeTarget section */
		BAAEAC7D25BE88D7008EF193 /* PodCast */ = {
			isa = PBXNativeTarget;
			buildConfigurationList = BAAEAC9225BE88DA008EF193 /* Build configuration list for PBXNativeTarget "PodCast" */;
			buildPhases = (
				BAAEAC7A25BE88D7008EF193 /* Sources */,
				BAAEAC7B25BE88D7008EF193 /* Frameworks */,
				BAAEAC7C25BE88D7008EF193 /* Resources */,
			);
			buildRules = (
			);
			dependencies = (
			);
			name = PodCast;
			productName = PodCast;
			productReference = BAAEAC7E25BE88D7008EF193 /* PodCast.app */;
			productType = "com.apple.product-type.application";
		};
/* End PBXNativeTarget section */

/* Begin PBXProject section */
		BAAEAC7625BE88D6008EF193 /* Project object */ = {
			isa = PBXProject;
			attributes = {
				LastSwiftUpdateCheck = 1230;
				LastUpgradeCheck = 1230;
				TargetAttributes = {
					BAAEAC7D25BE88D7008EF193 = {
						CreatedOnToolsVersion = 12.3;
					};
				};
			};
			buildConfigurationList = BAAEAC7925BE88D6008EF193 /* Build configuration list for PBXProject "PodCast" */;
			compatibilityVersion = "Xcode 9.3";
			developmentRegion = en;
			hasScannedForEncodings = 0;
			knownRegions = (
				en,
				Base,
			);
			mainGroup = BAAEAC7525BE88D6008EF193;
			productRefGroup = BAAEAC7F25BE88D7008EF193 /* Products */;
			projectDirPath = "";
			projectRoot = "";
			targets = (
				BAAEAC7D25BE88D7008EF193 /* PodCast */,
			);
		};
/* End PBXProject section */

/* Begin PBXResourcesBuildPhase section */
		BAAEAC7C25BE88D7008EF193 /* Resources */ = {
			isa = PBXResourcesBuildPhase;
			buildActionMask = 2147483647;
			files = (
				BAAEAC8E25BE88DA008EF193 /* LaunchScreen.storyboard in Resources */,
				BAAEAC8B25BE88DA008EF193 /* Assets.xcassets in Resources */,
				BAAEAC8925BE88D7008EF193 /* Main.storyboard in Resources */,
			);
			runOnlyForDeploymentPostprocessing = 0;
		};
/* End PBXResourcesBuildPhase section */

/* Begin PBXSourcesBuildPhase section */
		BAAEAC7A25BE88D7008EF193 /* Sources */ = {
			isa = PBXSourcesBuildPhase;
			buildActionMask = 2147483647;
			files = (
				BAAEAC8625BE88D7008EF193 /* ViewController.swift in Sources */,
				BAAEAC8225BE88D7008EF193 /* AppDelegate.swift in Sources */,
				BAAEAC9725BE893A008EF193 /* MainTabBarController.swift in Sources */,
			);
			runOnlyForDeploymentPostprocessing = 0;
		};
/* End PBXSourcesBuildPhase section */

/* Begin PBXVariantGroup section */
		BAAEAC8725BE88D7008EF193 /* Main.storyboard */ = {
			isa = PBXVariantGroup;
			children = (
				BAAEAC8825BE88D7008EF193 /* Base */,
			);
			name = Main.storyboard;
			sourceTree = "<group>";
		};
		BAAEAC8C25BE88DA008EF193 /* LaunchScreen.storyboard */ = {
			isa = PBXVariantGroup;
			children = (
				BAAEAC8D25BE88DA008EF193 /* Base */,
			);
			name = LaunchScreen.storyboard;
			sourceTree = "<group>";
		};
/* End PBXVariantGroup section */

/* Begin XCBuildConfiguration section */
		BAAEAC9025BE88DA008EF193 /* Debug */ = {
			isa = XCBuildConfiguration;
			buildSettings = {
				ALWAYS_SEARCH_USER_PATHS = NO;
				CLANG_ANALYZER_NONNULL = YES;
				CLANG_ANALYZER_NUMBER_OBJECT_CONVERSION = YES_AGGRESSIVE;
				CLANG_CXX_LANGUAGE_STANDARD = "gnu++14";
				CLANG_CXX_LIBRARY = "libc++";
				CLANG_ENABLE_MODULES = YES;
				CLANG_ENABLE_OBJC_ARC = YES;
				CLANG_ENABLE_OBJC_WEAK = YES;
				CLANG_WARN_BLOCK_CAPTURE_AUTORELEASING = YES;
				CLANG_WARN_BOOL_CONVERSION = YES;
				CLANG_WARN_COMMA = YES;
				CLANG_WARN_CONSTANT_CONVERSION = YES;
				CLANG_WARN_DEPRECATED_OBJC_IMPLEMENTATIONS = YES;
				CLANG_WARN_DIRECT_OBJC_ISA_USAGE = YES_ERROR;
				CLANG_WARN_DOCUMENTATION_COMMENTS = YES;
				CLANG_WARN_EMPTY_BODY = YES;
				CLANG_WARN_ENUM_CONVERSION = YES;
				CLANG_WARN_INFINITE_RECURSION = YES;
				CLANG_WARN_INT_CONVERSION = YES;
				CLANG_WARN_NON_LITERAL_NULL_CONVERSION = YES;
				CLANG_WARN_OBJC_IMPLICIT_RETAIN_SELF = YES;
				CLANG_WARN_OBJC_LITERAL_CONVERSION = YES;
				CLANG_WARN_OBJC_ROOT_CLASS = YES_ERROR;
				CLANG_WARN_QUOTED_INCLUDE_IN_FRAMEWORK_HEADER = YES;
				CLANG_WARN_RANGE_LOOP_ANALYSIS = YES;
				CLANG_WARN_STRICT_PROTOTYPES = YES;
				CLANG_WARN_SUSPICIOUS_MOVE = YES;
				CLANG_WARN_UNGUARDED_AVAILABILITY = YES_AGGRESSIVE;
				CLANG_WARN_UNREACHABLE_CODE = YES;
				CLANG_WARN__DUPLICATE_METHOD_MATCH = YES;
				COPY_PHASE_STRIP = NO;
				DEBUG_INFORMATION_FORMAT = dwarf;
				ENABLE_STRICT_OBJC_MSGSEND = YES;
				ENABLE_TESTABILITY = YES;
				GCC_C_LANGUAGE_STANDARD = gnu11;
				GCC_DYNAMIC_NO_PIC = NO;
				GCC_NO_COMMON_BLOCKS = YES;
				GCC_OPTIMIZATION_LEVEL = 0;
				GCC_PREPROCESSOR_DEFINITIONS = (
					"DEBUG=1",
					"$(inherited)",
				);
				GCC_WARN_64_TO_32_BIT_CONVERSION = YES;
				GCC_WARN_ABOUT_RETURN_TYPE = YES_ERROR;
				GCC_WARN_UNDECLARED_SELECTOR = YES;
				GCC_WARN_UNINITIALIZED_AUTOS = YES_AGGRESSIVE;
				GCC_WARN_UNUSED_FUNCTION = YES;
				GCC_WARN_UNUSED_VARIABLE = YES;
				IPHONEOS_DEPLOYMENT_TARGET = 14.3;
				MTL_ENABLE_DEBUG_INFO = INCLUDE_SOURCE;
				MTL_FAST_MATH = YES;
				ONLY_ACTIVE_ARCH = YES;
				SDKROOT = iphoneos;
				SWIFT_ACTIVE_COMPILATION_CONDITIONS = DEBUG;
				SWIFT_OPTIMIZATION_LEVEL = "-Onone";
			};
			name = Debug;
		};
		BAAEAC9125BE88DA008EF193 /* Release */ = {
			isa = XCBuildConfiguration;
			buildSettings = {
				ALWAYS_SEARCH_USER_PATHS = NO;
				CLANG_ANALYZER_NONNULL = YES;
				CLANG_ANALYZER_NUMBER_OBJECT_CONVERSION = YES_AGGRESSIVE;
				CLANG_CXX_LANGUAGE_STANDARD = "gnu++14";
				CLANG_CXX_LIBRARY = "libc++";
				CLANG_ENABLE_MODULES = YES;
				CLANG_ENABLE_OBJC_ARC = YES;
				CLANG_ENABLE_OBJC_WEAK = YES;
				CLANG_WARN_BLOCK_CAPTURE_AUTORELEASING = YES;
				CLANG_WARN_BOOL_CONVERSION = YES;
				CLANG_WARN_COMMA = YES;
				CLANG_WARN_CONSTANT_CONVERSION = YES;
				CLANG_WARN_DEPRECATED_OBJC_IMPLEMENTATIONS = YES;
				CLANG_WARN_DIRECT_OBJC_ISA_USAGE = YES_ERROR;
				CLANG_WARN_DOCUMENTATION_COMMENTS = YES;
				CLANG_WARN_EMPTY_BODY = YES;
				CLANG_WARN_ENUM_CONVERSION = YES;
				CLANG_WARN_INFINITE_RECURSION = YES;
				CLANG_WARN_INT_CONVERSION = YES;
				CLANG_WARN_NON_LITERAL_NULL_CONVERSION = YES;
				CLANG_WARN_OBJC_IMPLICIT_RETAIN_SELF = YES;
				CLANG_WARN_OBJC_LITERAL_CONVERSION = YES;
				CLANG_WARN_OBJC_ROOT_CLASS = YES_ERROR;
				CLANG_WARN_QUOTED_INCLUDE_IN_FRAMEWORK_HEADER = YES;
				CLANG_WARN_RANGE_LOOP_ANALYSIS = YES;
				CLANG_WARN_STRICT_PROTOTYPES = YES;
				CLANG_WARN_SUSPICIOUS_MOVE = YES;
				CLANG_WARN_UNGUARDED_AVAILABILITY = YES_AGGRESSIVE;
				CLANG_WARN_UNREACHABLE_CODE = YES;
				CLANG_WARN__DUPLICATE_METHOD_MATCH = YES;
				COPY_PHASE_STRIP = NO;
				DEBUG_INFORMATION_FORMAT = "dwarf-with-dsym";
				ENABLE_NS_ASSERTIONS = NO;
				ENABLE_STRICT_OBJC_MSGSEND = YES;
				GCC_C_LANGUAGE_STANDARD = gnu11;
				GCC_NO_COMMON_BLOCKS = YES;
				GCC_WARN_64_TO_32_BIT_CONVERSION = YES;
				GCC_WARN_ABOUT_RETURN_TYPE = YES_ERROR;
				GCC_WARN_UNDECLARED_SELECTOR = YES;
				GCC_WARN_UNINITIALIZED_AUTOS = YES_AGGRESSIVE;
				GCC_WARN_UNUSED_FUNCTION = YES;
				GCC_WARN_UNUSED_VARIABLE = YES;
				IPHONEOS_DEPLOYMENT_TARGET = 14.3;
				MTL_ENABLE_DEBUG_INFO = NO;
				MTL_FAST_MATH = YES;
				SDKROOT = iphoneos;
				SWIFT_COMPILATION_MODE = wholemodule;
				SWIFT_OPTIMIZATION_LEVEL = "-O";
				VALIDATE_PRODUCT = YES;
			};
			name = Release;
		};
		BAAEAC9325BE88DA008EF193 /* Debug */ = {
			isa = XCBuildConfiguration;
			buildSettings = {
				ASSETCATALOG_COMPILER_APPICON_NAME = AppIcon;
				ASSETCATALOG_COMPILER_GLOBAL_ACCENT_COLOR_NAME = AccentColor;
				CODE_SIGN_STYLE = Automatic;
				DEVELOPMENT_TEAM = QRP987SWMC;
				INFOPLIST_FILE = PodCast/Info.plist;
				LD_RUNPATH_SEARCH_PATHS = (
					"$(inherited)",
					"@executable_path/Frameworks",
				);
				PRODUCT_BUNDLE_IDENTIFIER = com.coraysong.cn.PodCast;
				PRODUCT_NAME = "$(TARGET_NAME)";
				SWIFT_VERSION = 5.0;
				TARGETED_DEVICE_FAMILY = "1,2";
			};
			name = Debug;
		};
		BAAEAC9425BE88DA008EF193 /* Release */ = {
			isa = XCBuildConfiguration;
			buildSettings = {
				ASSETCATALOG_COMPILER_APPICON_NAME = AppIcon;
				ASSETCATALOG_COMPILER_GLOBAL_ACCENT_COLOR_NAME = AccentColor;
				CODE_SIGN_STYLE = Automatic;
				DEVELOPMENT_TEAM = QRP987SWMC;
				INFOPLIST_FILE = PodCast/Info.plist;
				LD_RUNPATH_SEARCH_PATHS = (
					"$(inherited)",
					"@executable_path/Frameworks",
				);
				PRODUCT_BUNDLE_IDENTIFIER = com.coraysong.cn.PodCast;
				PRODUCT_NAME = "$(TARGET_NAME)";
				SWIFT_VERSION = 5.0;
				TARGETED_DEVICE_FAMILY = "1,2";
			};
			name = Release;
		};
/* End XCBuildConfiguration section */

/* Begin XCConfigurationList section */
		BAAEAC7925BE88D6008EF193 /* Build configuration list for PBXProject "PodCast" */ = {
			isa = XCConfigurationList;
			buildConfigurations = (
				BAAEAC9025BE88DA008EF193 /* Debug */,
				BAAEAC9125BE88DA008EF193 /* Release */,
			);
			defaultConfigurationIsVisible = 0;
			defaultConfigurationName = Release;
		};
		BAAEAC9225BE88DA008EF193 /* Build configuration list for PBXNativeTarget "PodCast" */ = {
			isa = XCConfigurationList;
			buildConfigurations = (
				BAAEAC9325BE88DA008EF193 /* Debug */,
				BAAEAC9425BE88DA008EF193 /* Release */,
			);
			defaultConfigurationIsVisible = 0;
			defaultConfigurationName = Release;
		};
/* End XCConfigurationList section */
	};
	rootObject = BAAEAC7625BE88D6008EF193 /* Project object */;
}
