// !$*UTF8*$!
{
	archiveVersion = 1;
	classes = {
	};
	objectVersion = 50;
	objects = {

/* Begin PBXBuildFile section */
		62721594F83A7EA1F9286D5D /* Pods_PodCast.framework in Frameworks */ = {isa = PBXBuildFile; fileRef = E18E3A5F19D8620A6C87BD9F /* Pods_PodCast.framework */; };
		BA5FE04525C2798D00414655 /* PodcastsSearchController.swift in Sources */ = {isa = PBXBuildFile; fileRef = BA5FE04425C2798D00414655 /* PodcastsSearchController.swift */; };
		BA5FE04A25C27AC100414655 /* Podcast.swift in Sources */ = {isa = PBXBuildFile; fileRef = BA5FE04925C27AC100414655 /* Podcast.swift */; };
		BAAEAC8225BE88D7008EF193 /* AppDelegate.swift in Sources */ = {isa = PBXBuildFile; fileRef = BAAEAC8125BE88D7008EF193 /* AppDelegate.swift */; };
		BAAEAC8625BE88D7008EF193 /* ViewController.swift in Sources */ = {isa = PBXBuildFile; fileRef = BAAEAC8525BE88D7008EF193 /* ViewController.swift */; };
		BAAEAC8925BE88D7008EF193 /* Main.storyboard in Resources */ = {isa = PBXBuildFile; fileRef = BAAEAC8725BE88D7008EF193 /* Main.storyboard */; };
		BAAEAC8B25BE88DA008EF193 /* Assets.xcassets in Resources */ = {isa = PBXBuildFile; fileRef = BAAEAC8A25BE88DA008EF193 /* Assets.xcassets */; };
		BAAEAC8E25BE88DA008EF193 /* LaunchScreen.storyboard in Resources */ = {isa = PBXBuildFile; fileRef = BAAEAC8C25BE88DA008EF193 /* LaunchScreen.storyboard */; };
		BAAEAC9725BE893A008EF193 /* MainTabBarController.swift in Sources */ = {isa = PBXBuildFile; fileRef = BAAEAC9625BE893A008EF193 /* MainTabBarController.swift */; };
/* End PBXBuildFile section */

/* Begin PBXCopyFilesBuildPhase section */
		BA5CC85D25D3C424009910F6 /* Embed Frameworks */ = {
			isa = PBXCopyFilesBuildPhase;
			buildActionMask = 2147483647;
			dstPath = "";
			dstSubfolderSpec = 10;
			files = (
			);
			name = "Embed Frameworks";
			runOnlyForDeploymentPostprocessing = 0;
		};
/* End PBXCopyFilesBuildPhase section */

/* Begin PBXFileReference section */
		4DBEBD92F736C3C1E586DDC4 /* Pods-PodCast.debug.xcconfig */ = {isa = PBXFileReference; includeInIndex = 1; lastKnownFileType = text.xcconfig; name = "Pods-PodCast.debug.xcconfig"; path = "Target Support Files/Pods-PodCast/Pods-PodCast.debug.xcconfig"; sourceTree = "<group>"; };
		A9D353120303044350E1102A /* Pods-PodCast.release.xcconfig */ = {isa = PBXFileReference; includeInIndex = 1; lastKnownFileType = text.xcconfig; name = "Pods-PodCast.release.xcconfig"; path = "Target Support Files/Pods-PodCast/Pods-PodCast.release.xcconfig"; sourceTree = "<group>"; };
		BA5FE04425C2798D00414655 /* PodcastsSearchController.swift */ = {isa = PBXFileReference; lastKnownFileType = sourcecode.swift; path = PodcastsSearchController.swift; sourceTree = "<group>"; };
		BA5FE04925C27AC100414655 /* Podcast.swift */ = {isa = PBXFileReference; lastKnownFileType = sourcecode.swift; path = Podcast.swift; sourceTree = "<group>"; };
		BAAEAC7E25BE88D7008EF193 /* PodCast.app */ = {isa = PBXFileReference; explicitFileType = wrapper.application; includeInIndex = 0; path = PodCast.app; sourceTree = BUILT_PRODUCTS_DIR; };
		BAAEAC8125BE88D7008EF193 /* AppDelegate.swift */ = {isa = PBXFileReference; lastKnownFileType = sourcecode.swift; path = AppDelegate.swift; sourceTree = "<group>"; };
		BAAEAC8525BE88D7008EF193 /* ViewController.swift */ = {isa = PBXFileReference; lastKnownFileType = sourcecode.swift; path = ViewController.swift; sourceTree = "<group>"; };
		BAAEAC8825BE88D7008EF193 /* Base */ = {isa = PBXFileReference; lastKnownFileType = file.storyboard; name = Base; path = Base.lproj/Main.storyboard; sourceTree = "<group>"; };
		BAAEAC8A25BE88DA008EF193 /* Assets.xcassets */ = {isa = PBXFileReference; lastKnownFileType = folder.assetcatalog; path = Assets.xcassets; sourceTree = "<group>"; };
		BAAEAC8D25BE88DA008EF193 /* Base */ = {isa = PBXFileReference; lastKnownFileType = file.storyboard; name = Base; path = Base.lproj/LaunchScreen.storyboard; sourceTree = "<group>"; };
		BAAEAC8F25BE88DA008EF193 /* Info.plist */ = {isa = PBXFileReference; lastKnownFileType = text.plist.xml; path = Info.plist; sourceTree = "<group>"; };
		BAAEAC9625BE893A008EF193 /* MainTabBarController.swift */ = {isa = PBXFileReference; lastKnownFileType = sourcecode.swift; path = MainTabBarController.swift; sourceTree = "<group>"; };
		E18E3A5F19D8620A6C87BD9F /* Pods_PodCast.framework */ = {isa = PBXFileReference; explicitFileType = wrapper.framework; includeInIndex = 0; path = Pods_PodCast.framework; sourceTree = BUILT_PRODUCTS_DIR; };
/* End PBXFileReference section */

/* Begin PBXFrameworksBuildPhase section */
		BAAEAC7B25BE88D7008EF193 /* Frameworks */ = {
			isa = PBXFrameworksBuildPhase;
			buildActionMask = 2147483647;
			files = (
				62721594F83A7EA1F9286D5D /* Pods_PodCast.framework in Frameworks */,
			);
			runOnlyForDeploymentPostprocessing = 0;
		};
/* End PBXFrameworksBuildPhase section */

/* Begin PBXGroup section */
		318A12A07EC8D709F5FECD57 /* Pods */ = {
			isa = PBXGroup;
			children = (
				4DBEBD92F736C3C1E586DDC4 /* Pods-PodCast.debug.xcconfig */,
				A9D353120303044350E1102A /* Pods-PodCast.release.xcconfig */,
			);
			name = Pods;
			path = Pods;
			sourceTree = "<group>";
		};
		BA5CC85A25D3C424009910F6 /* Frameworks */ = {
			isa = PBXGroup;
			children = (
				E18E3A5F19D8620A6C87BD9F /* Pods_PodCast.framework */,
			);
			name = Frameworks;
			sourceTree = "<group>";
		};
		BA5FE04325C2794E00414655 /* Controllers */ = {
			isa = PBXGroup;
			children = (
				BA5FE04425C2798D00414655 /* PodcastsSearchController.swift */,
			);
			path = Controllers;
			sourceTree = "<group>";
		};
		BA5FE04825C27AAB00414655 /* Models */ = {
			isa = PBXGroup;
			children = (
				BA5FE04925C27AC100414655 /* Podcast.swift */,
			);
			path = Models;
			sourceTree = "<group>";
		};
		BAAEAC7525BE88D6008EF193 = {
			isa = PBXGroup;
			children = (
				BAAEAC8025BE88D7008EF193 /* PodCast */,
				BAAEAC7F25BE88D7008EF193 /* Products */,
				BA5CC85A25D3C424009910F6 /* Frameworks */,
				318A12A07EC8D709F5FECD57 /* Pods */,
			);
			sourceTree = "<group>";
		};
		BAAEAC7F25BE88D7008EF193 /* Products */ = {
			isa = PBXGroup;
			children = (
				BAAEAC7E25BE88D7008EF193 /* PodCast.app */,
			);
			name = Products;
			sourceTree = "<group>";
		};
		BAAEAC8025BE88D7008EF193 /* PodCast */ = {
			isa = PBXGroup;
			children = (
				BA5FE04825C27AAB00414655 /* Models */,
				BA5FE04325C2794E00414655 /* Controllers */,
				BAAEAC8125BE88D7008EF193 /* AppDelegate.swift */,
				BAAEAC8525BE88D7008EF193 /* ViewController.swift */,
				BAAEAC8725BE88D7008EF193 /* Main.storyboard */,
				BAAEAC8A25BE88DA008EF193 /* Assets.xcassets */,
				BAAEAC8C25BE88DA008EF193 /* LaunchScreen.storyboard */,
				BAAEAC8F25BE88DA008EF193 /* Info.plist */,
				BAAEAC9625BE893A008EF193 /* MainTabBarController.swift */,
			);
			path = PodCast;
			sourceTree = "<group>";
		};
/* End PBXGroup section */

/* Begin PBXNativeTarget section */
		BAAEAC7D25BE88D7008EF193 /* PodCast */ = {
			isa = PBXNativeTarget;
			buildConfigurationList = BAAEAC9225BE88DA008EF193 /* Build configuration list for PBXNativeTarget "PodCast" */;
			buildPhases = (
				D88CDB0FD8D1BB7FACCCA915 /* [CP] Check Pods Manifest.lock */,
				BAAEAC7A25BE88D7008EF193 /* Sources */,
				BAAEAC7B25BE88D7008EF193 /* Frameworks */,
				BAAEAC7C25BE88D7008EF193 /* Resources */,
				BA5CC85D25D3C424009910F6 /* Embed Frameworks */,
				CD3C4710542D283E8C31F370 /* [CP] Embed Pods Frameworks */,
			);
			buildRules = (
			);
			dependencies = (
			);
			name = PodCast;
			productName = PodCast;
			productReference = BAAEAC7E25BE88D7008EF193 /* PodCast.app */;
			productType = "com.apple.product-type.application";
		};
/* End PBXNativeTarget section */

/* Begin PBXProject section */
		BAAEAC7625BE88D6008EF193 /* Project object */ = {
			isa = PBXProject;
			attributes = {
				LastSwiftUpdateCheck = 1230;
				LastUpgradeCheck = 1230;
				TargetAttributes = {
					BAAEAC7D25BE88D7008EF193 = {
						CreatedOnToolsVersion = 12.3;
					};
				};
			};
			buildConfigurationList = BAAEAC7925BE88D6008EF193 /* Build configuration list for PBXProject "PodCast" */;
			compatibilityVersion = "Xcode 9.3";
			developmentRegion = en;
			hasScannedForEncodings = 0;
			knownRegions = (
				en,
				Base,
			);
			mainGroup = BAAEAC7525BE88D6008EF193;
			productRefGroup = BAAEAC7F25BE88D7008EF193 /* Products */;
			projectDirPath = "";
			projectRoot = "";
			targets = (
				BAAEAC7D25BE88D7008EF193 /* PodCast */,
			);
		};
/* End PBXProject section */

/* Begin PBXResourcesBuildPhase section */
		BAAEAC7C25BE88D7008EF193 /* Resources */ = {
			isa = PBXResourcesBuildPhase;
			buildActionMask = 2147483647;
			files = (
				BAAEAC8E25BE88DA008EF193 /* LaunchScreen.storyboard in Resources */,
				BAAEAC8B25BE88DA008EF193 /* Assets.xcassets in Resources */,
				BAAEAC8925BE88D7008EF193 /* Main.storyboard in Resources */,
			);
			runOnlyForDeploymentPostprocessing = 0;
		};
/* End PBXResourcesBuildPhase section */

/* Begin PBXShellScriptBuildPhase section */
		CD3C4710542D283E8C31F370 /* [CP] Embed Pods Frameworks */ = {
			isa = PBXShellScriptBuildPhase;
			buildActionMask = 2147483647;
			files = (
			);
			inputFileListPaths = (
				"${PODS_ROOT}/Target Support Files/Pods-PodCast/Pods-PodCast-frameworks-${CONFIGURATION}-input-files.xcfilelist",
			);
			name = "[CP] Embed Pods Frameworks";
			outputFileListPaths = (
				"${PODS_ROOT}/Target Support Files/Pods-PodCast/Pods-PodCast-frameworks-${CONFIGURATION}-output-files.xcfilelist",
			);
			runOnlyForDeploymentPostprocessing = 0;
			shellPath = /bin/sh;
			shellScript = "\"${PODS_ROOT}/Target Support Files/Pods-PodCast/Pods-PodCast-frameworks.sh\"\n";
			showEnvVarsInLog = 0;
		};
		D88CDB0FD8D1BB7FACCCA915 /* [CP] Check Pods Manifest.lock */ = {
			isa = PBXShellScriptBuildPhase;
			buildActionMask = 2147483647;
			files = (
			);
			inputFileListPaths = (
			);
			inputPaths = (
				"${PODS_PODFILE_DIR_PATH}/Podfile.lock",
				"${PODS_ROOT}/Manifest.lock",
			);
			name = "[CP] Check Pods Manifest.lock";
			outputFileListPaths = (
			);
			outputPaths = (
				"$(DERIVED_FILE_DIR)/Pods-PodCast-checkManifestLockResult.txt",
			);
			runOnlyForDeploymentPostprocessing = 0;
			shellPath = /bin/sh;
			shellScript = "diff \"${PODS_PODFILE_DIR_PATH}/Podfile.lock\" \"${PODS_ROOT}/Manifest.lock\" > /dev/null\nif [ $? != 0 ] ; then\n    # print error to STDERR\n    echo \"error: The sandbox is not in sync with the Podfile.lock. Run 'pod install' or update your CocoaPods installation.\" >&2\n    exit 1\nfi\n# This output is used by Xcode 'outputs' to avoid re-running this script phase.\necho \"SUCCESS\" > \"${SCRIPT_OUTPUT_FILE_0}\"\n";
			showEnvVarsInLog = 0;
		};
/* End PBXShellScriptBuildPhase section */

/* Begin PBXSourcesBuildPhase section */
		BAAEAC7A25BE88D7008EF193 /* Sources */ = {
			isa = PBXSourcesBuildPhase;
			buildActionMask = 2147483647;
			files = (
				BA5FE04525C2798D00414655 /* PodcastsSearchController.swift in Sources */,
				BAAEAC8625BE88D7008EF193 /* ViewController.swift in Sources */,
				BAAEAC8225BE88D7008EF193 /* AppDelegate.swift in Sources */,
				BAAEAC9725BE893A008EF193 /* MainTabBarController.swift in Sources */,
				BA5FE04A25C27AC100414655 /* Podcast.swift in Sources */,
			);
			runOnlyForDeploymentPostprocessing = 0;
		};
/* End PBXSourcesBuildPhase section */

/* Begin PBXVariantGroup section */
		BAAEAC8725BE88D7008EF193 /* Main.storyboard */ = {
			isa = PBXVariantGroup;
			children = (
				BAAEAC8825BE88D7008EF193 /* Base */,
			);
			name = Main.storyboard;
			sourceTree = "<group>";
		};
		BAAEAC8C25BE88DA008EF193 /* LaunchScreen.storyboard */ = {
			isa = PBXVariantGroup;
			children = (
				BAAEAC8D25BE88DA008EF193 /* Base */,
			);
			name = LaunchScreen.storyboard;
			sourceTree = "<group>";
		};
/* End PBXVariantGroup section */

/* Begin XCBuildConfiguration section */
		BAAEAC9025BE88DA008EF193 /* Debug */ = {
			isa = XCBuildConfiguration;
			buildSettings = {
				ALWAYS_SEARCH_USER_PATHS = NO;
				CLANG_ANALYZER_NONNULL = YES;
				CLANG_ANALYZER_NUMBER_OBJECT_CONVERSION = YES_AGGRESSIVE;
				CLANG_CXX_LANGUAGE_STANDARD = "gnu++14";
				CLANG_CXX_LIBRARY = "libc++";
				CLANG_ENABLE_MODULES = YES;
				CLANG_ENABLE_OBJC_ARC = YES;
				CLANG_ENABLE_OBJC_WEAK = YES;
				CLANG_WARN_BLOCK_CAPTURE_AUTORELEASING = YES;
				CLANG_WARN_BOOL_CONVERSION = YES;
				CLANG_WARN_COMMA = YES;
				CLANG_WARN_CONSTANT_CONVERSION = YES;
				CLANG_WARN_DEPRECATED_OBJC_IMPLEMENTATIONS = YES;
				CLANG_WARN_DIRECT_OBJC_ISA_USAGE = YES_ERROR;
				CLANG_WARN_DOCUMENTATION_COMMENTS = YES;
				CLANG_WARN_EMPTY_BODY = YES;
				CLANG_WARN_ENUM_CONVERSION = YES;
				CLANG_WARN_INFINITE_RECURSION = YES;
				CLANG_WARN_INT_CONVERSION = YES;
				CLANG_WARN_NON_LITERAL_NULL_CONVERSION = YES;
				CLANG_WARN_OBJC_IMPLICIT_RETAIN_SELF = YES;
				CLANG_WARN_OBJC_LITERAL_CONVERSION = YES;
				CLANG_WARN_OBJC_ROOT_CLASS = YES_ERROR;
				CLANG_WARN_QUOTED_INCLUDE_IN_FRAMEWORK_HEADER = YES;
				CLANG_WARN_RANGE_LOOP_ANALYSIS = YES;
				CLANG_WARN_STRICT_PROTOTYPES = YES;
				CLANG_WARN_SUSPICIOUS_MOVE = YES;
				CLANG_WARN_UNGUARDED_AVAILABILITY = YES_AGGRESSIVE;
				CLANG_WARN_UNREACHABLE_CODE = YES;
				CLANG_WARN__DUPLICATE_METHOD_MATCH = YES;
				COPY_PHASE_STRIP = NO;
				DEBUG_INFORMATION_FORMAT = dwarf;
				ENABLE_STRICT_OBJC_MSGSEND = YES;
				ENABLE_TESTABILITY = YES;
				GCC_C_LANGUAGE_STANDARD = gnu11;
				GCC_DYNAMIC_NO_PIC = NO;
				GCC_NO_COMMON_BLOCKS = YES;
				GCC_OPTIMIZATION_LEVEL = 0;
				GCC_PREPROCESSOR_DEFINITIONS = (
					"DEBUG=1",
					"$(inherited)",
				);
				GCC_WARN_64_TO_32_BIT_CONVERSION = YES;
				GCC_WARN_ABOUT_RETURN_TYPE = YES_ERROR;
				GCC_WARN_UNDECLARED_SELECTOR = YES;
				GCC_WARN_UNINITIALIZED_AUTOS = YES_AGGRESSIVE;
				GCC_WARN_UNUSED_FUNCTION = YES;
				GCC_WARN_UNUSED_VARIABLE = YES;
				IPHONEOS_DEPLOYMENT_TARGET = 14.3;
				MTL_ENABLE_DEBUG_INFO = INCLUDE_SOURCE;
				MTL_FAST_MATH = YES;
				ONLY_ACTIVE_ARCH = YES;
				SDKROOT = iphoneos;
				SWIFT_ACTIVE_COMPILATION_CONDITIONS = DEBUG;
				SWIFT_OPTIMIZATION_LEVEL = "-Onone";
			};
			name = Debug;
		};
		BAAEAC9125BE88DA008EF193 /* Release */ = {
			isa = XCBuildConfiguration;
			buildSettings = {
				ALWAYS_SEARCH_USER_PATHS = NO;
				CLANG_ANALYZER_NONNULL = YES;
				CLANG_ANALYZER_NUMBER_OBJECT_CONVERSION = YES_AGGRESSIVE;
				CLANG_CXX_LANGUAGE_STANDARD = "gnu++14";
				CLANG_CXX_LIBRARY = "libc++";
				CLANG_ENABLE_MODULES = YES;
				CLANG_ENABLE_OBJC_ARC = YES;
				CLANG_ENABLE_OBJC_WEAK = YES;
				CLANG_WARN_BLOCK_CAPTURE_AUTORELEASING = YES;
				CLANG_WARN_BOOL_CONVERSION = YES;
				CLANG_WARN_COMMA = YES;
				CLANG_WARN_CONSTANT_CONVERSION = YES;
				CLANG_WARN_DEPRECATED_OBJC_IMPLEMENTATIONS = YES;
				CLANG_WARN_DIRECT_OBJC_ISA_USAGE = YES_ERROR;
				CLANG_WARN_DOCUMENTATION_COMMENTS = YES;
				CLANG_WARN_EMPTY_BODY = YES;
				CLANG_WARN_ENUM_CONVERSION = YES;
				CLANG_WARN_INFINITE_RECURSION = YES;
				CLANG_WARN_INT_CONVERSION = YES;
				CLANG_WARN_NON_LITERAL_NULL_CONVERSION = YES;
				CLANG_WARN_OBJC_IMPLICIT_RETAIN_SELF = YES;
				CLANG_WARN_OBJC_LITERAL_CONVERSION = YES;
				CLANG_WARN_OBJC_ROOT_CLASS = YES_ERROR;
				CLANG_WARN_QUOTED_INCLUDE_IN_FRAMEWORK_HEADER = YES;
				CLANG_WARN_RANGE_LOOP_ANALYSIS = YES;
				CLANG_WARN_STRICT_PROTOTYPES = YES;
				CLANG_WARN_SUSPICIOUS_MOVE = YES;
				CLANG_WARN_UNGUARDED_AVAILABILITY = YES_AGGRESSIVE;
				CLANG_WARN_UNREACHABLE_CODE = YES;
				CLANG_WARN__DUPLICATE_METHOD_MATCH = YES;
				COPY_PHASE_STRIP = NO;
				DEBUG_INFORMATION_FORMAT = "dwarf-with-dsym";
				ENABLE_NS_ASSERTIONS = NO;
				ENABLE_STRICT_OBJC_MSGSEND = YES;
				GCC_C_LANGUAGE_STANDARD = gnu11;
				GCC_NO_COMMON_BLOCKS = YES;
				GCC_WARN_64_TO_32_BIT_CONVERSION = YES;
				GCC_WARN_ABOUT_RETURN_TYPE = YES_ERROR;
				GCC_WARN_UNDECLARED_SELECTOR = YES;
				GCC_WARN_UNINITIALIZED_AUTOS = YES_AGGRESSIVE;
				GCC_WARN_UNUSED_FUNCTION = YES;
				GCC_WARN_UNUSED_VARIABLE = YES;
				IPHONEOS_DEPLOYMENT_TARGET = 14.3;
				MTL_ENABLE_DEBUG_INFO = NO;
				MTL_FAST_MATH = YES;
				SDKROOT = iphoneos;
				SWIFT_COMPILATION_MODE = wholemodule;
				SWIFT_OPTIMIZATION_LEVEL = "-O";
				VALIDATE_PRODUCT = YES;
			};
			name = Release;
		};
		BAAEAC9325BE88DA008EF193 /* Debug */ = {
			isa = XCBuildConfiguration;
			baseConfigurationReference = 4DBEBD92F736C3C1E586DDC4 /* Pods-PodCast.debug.xcconfig */;
			buildSettings = {
				ASSETCATALOG_COMPILER_APPICON_NAME = AppIcon;
				ASSETCATALOG_COMPILER_GLOBAL_ACCENT_COLOR_NAME = AccentColor;
				CODE_SIGN_STYLE = Automatic;
				DEVELOPMENT_TEAM = QRP987SWMC;
				INFOPLIST_FILE = PodCast/Info.plist;
				LD_RUNPATH_SEARCH_PATHS = (
					"$(inherited)",
					"@executable_path/Frameworks",
				);
				PRODUCT_BUNDLE_IDENTIFIER = com.coraysong.cn.PodCast;
				PRODUCT_NAME = "$(TARGET_NAME)";
				SWIFT_VERSION = 5.0;
				TARGETED_DEVICE_FAMILY = "1,2";
			};
			name = Debug;
		};
		BAAEAC9425BE88DA008EF193 /* Release */ = {
			isa = XCBuildConfiguration;
			baseConfigurationReference = A9D353120303044350E1102A /* Pods-PodCast.release.xcconfig */;
			buildSettings = {
				ASSETCATALOG_COMPILER_APPICON_NAME = AppIcon;
				ASSETCATALOG_COMPILER_GLOBAL_ACCENT_COLOR_NAME = AccentColor;
				CODE_SIGN_STYLE = Automatic;
				DEVELOPMENT_TEAM = QRP987SWMC;
				INFOPLIST_FILE = PodCast/Info.plist;
				LD_RUNPATH_SEARCH_PATHS = (
					"$(inherited)",
					"@executable_path/Frameworks",
				);
				PRODUCT_BUNDLE_IDENTIFIER = com.coraysong.cn.PodCast;
				PRODUCT_NAME = "$(TARGET_NAME)";
				SWIFT_VERSION = 5.0;
				TARGETED_DEVICE_FAMILY = "1,2";
			};
			name = Release;
		};
/* End XCBuildConfiguration section */

/* Begin XCConfigurationList section */
		BAAEAC7925BE88D6008EF193 /* Build configuration list for PBXProject "PodCast" */ = {
			isa = XCConfigurationList;
			buildConfigurations = (
				BAAEAC9025BE88DA008EF193 /* Debug */,
				BAAEAC9125BE88DA008EF193 /* Release */,
			);
			defaultConfigurationIsVisible = 0;
			defaultConfigurationName = Release;
		};
		BAAEAC9225BE88DA008EF193 /* Build configuration list for PBXNativeTarget "PodCast" */ = {
			isa = XCConfigurationList;
			buildConfigurations = (
				BAAEAC9325BE88DA008EF193 /* Debug */,
				BAAEAC9425BE88DA008EF193 /* Release */,
			);
			defaultConfigurationIsVisible = 0;
			defaultConfigurationName = Release;
		};
/* End XCConfigurationList section */
	};
	rootObject = BAAEAC7625BE88D6008EF193 /* Project object */;
}
